github.com/joho/godotenv v1.5.1 h1:7eLL/+HRGLY0ldzfGMeQkb7vMd0as4CfYvUVzLqw0N0=
github.com/joho/godotenv v1.5.1/go.mod h1:f4LDr5Voq0i2e/R5DDNOoa2zzDfwtkZa6DnEwAbqwq4=
github.com/modelcontextprotocol/go-sdk v1.5.0 h1:CHU0FIX9kpueNkxuYtfYQn1Z0slhFzBZuq+x6IiblIU=
github.com/modelcontextprotocol/go-sdk v1.5.0/go.mod h1:gggDIhoemhWs3BGkGwd1umzEXCEMMvAnhTrnbXJKKKA=
